
Microsoft Visual Studio Solution File, Format Version 12.00
# Visual Studio Version 16
VisualStudioVersion = 16.0.30523.141
MinimumVisualStudioVersion = 10.0.40219.1
Project("{FAE04EC0-301F-11D3-BF4B-00C04F79EFBC}") = "EasyAuthDemo", "EasyAuthDemo\EasyAuthDemo.csproj", "{A2A644F7-D75C-4402-BE01-901315F101D7}"
EndProject
Global
	GlobalSection(SolutionConfigurationPlatforms) = preSolution
		Debug|Any CPU = Debug|Any CPU
		Release|Any CPU = Release|Any CPU
	EndGlobalSection
	GlobalSection(ProjectConfigurationPlatforms) = postSolution
		{A2A644F7-D75C-4402-BE01-901315F101D7}.Debug|Any CPU.ActiveCfg = Debug|Any CPU
		{A2A644F7-D75C-4402-BE01-901315F101D7}.Debug|Any CPU.Build.0 = Debug|Any CPU
		{A2A644F7-D75C-4402-BE01-901315F101D7}.Release|Any CPU.ActiveCfg = Release|Any CPU
		{A2A644F7-D75C-4402-BE01-901315F101D7}.Release|Any CPU.Build.0 = Release|Any CPU
	EndGlobalSection
	GlobalSection(SolutionProperties) = preSolution
		HideSolutionNode = FALSE
	EndGlobalSection
	GlobalSection(ExtensibilityGlobals) = postSolution
		SolutionGuid = {86182A48-8DB1-477F-91B7-A4979D7C4A25}
	EndGlobalSection
EndGlobal
